// !$*UTF8*$!
{
	archiveVersion = 1;
	classes = {
	};
	objectVersion = 55;
	objects = {

/* Begin PBXBuildFile section */
		821105C5282D368B00D93E13 /* FirebaseControl.swift in Sources */ = {isa = PBXBuildFile; fileRef = 821105C4282D368B00D93E13 /* FirebaseControl.swift */; };
		82918D7D283102A500B652C8 /* DatabaseManager.swift in Sources */ = {isa = PBXBuildFile; fileRef = 82918D7C283102A500B652C8 /* DatabaseManager.swift */; };
		82A3A452282CE2CD004B6399 /* AppDelegate.swift in Sources */ = {isa = PBXBuildFile; fileRef = 82A3A451282CE2CD004B6399 /* AppDelegate.swift */; };
		82A3A454282CE2CD004B6399 /* SceneDelegate.swift in Sources */ = {isa = PBXBuildFile; fileRef = 82A3A453282CE2CD004B6399 /* SceneDelegate.swift */; };
		82A3A456282CE2CD004B6399 /* ConversationsViewController.swift in Sources */ = {isa = PBXBuildFile; fileRef = 82A3A455282CE2CD004B6399 /* ConversationsViewController.swift */; };
		82A3A459282CE2CD004B6399 /* Main.storyboard in Resources */ = {isa = PBXBuildFile; fileRef = 82A3A457282CE2CD004B6399 /* Main.storyboard */; };
		82A3A45B282CE2CE004B6399 /* Assets.xcassets in Resources */ = {isa = PBXBuildFile; fileRef = 82A3A45A282CE2CE004B6399 /* Assets.xcassets */; };
		82A3A45E282CE2CE004B6399 /* LaunchScreen.storyboard in Resources */ = {isa = PBXBuildFile; fileRef = 82A3A45C282CE2CE004B6399 /* LaunchScreen.storyboard */; };
		82A3A46C282CE624004B6399 /* LoginViewController.swift in Sources */ = {isa = PBXBuildFile; fileRef = 82A3A46B282CE624004B6399 /* LoginViewController.swift */; };
		82A3A46E282CE63F004B6399 /* RegisterViewController.swift in Sources */ = {isa = PBXBuildFile; fileRef = 82A3A46D282CE63F004B6399 /* RegisterViewController.swift */; };
		82A3A470282CE66A004B6399 /* PhotoViewerViewController.swift in Sources */ = {isa = PBXBuildFile; fileRef = 82A3A46F282CE66A004B6399 /* PhotoViewerViewController.swift */; };
		82A3A472282CE684004B6399 /* VideoPlayerViewController.swift in Sources */ = {isa = PBXBuildFile; fileRef = 82A3A471282CE684004B6399 /* VideoPlayerViewController.swift */; };
		82A3A474282CE6A6004B6399 /* NewConversationViewController.swift in Sources */ = {isa = PBXBuildFile; fileRef = 82A3A473282CE6A6004B6399 /* NewConversationViewController.swift */; };
		82A3A476282CE6BC004B6399 /* ProfileViewController.swift in Sources */ = {isa = PBXBuildFile; fileRef = 82A3A475282CE6BC004B6399 /* ProfileViewController.swift */; };
		82A3A479282CF5D9004B6399 /* Extensions.swift in Sources */ = {isa = PBXBuildFile; fileRef = 82A3A478282CF5D9004B6399 /* Extensions.swift */; };
		82A3A47B282D1412004B6399 /* GoogleService-Info.plist in Resources */ = {isa = PBXBuildFile; fileRef = 82A3A47A282D1412004B6399 /* GoogleService-Info.plist */; };
		D8523D8C1C3DD2714F64B708 /* Pods_Chat_shat.framework in Frameworks */ = {isa = PBXBuildFile; fileRef = 60F4CE10405EEF2224615900 /* Pods_Chat_shat.framework */; };
/* End PBXBuildFile section */

/* Begin PBXFileReference section */
		013D7D9EF74BA52B82BE4EAD /* Pods-Chat shat.debug.xcconfig */ = {isa = PBXFileReference; includeInIndex = 1; lastKnownFileType = text.xcconfig; name = "Pods-Chat shat.debug.xcconfig"; path = "Target Support Files/Pods-Chat shat/Pods-Chat shat.debug.xcconfig"; sourceTree = "<group>"; };
		60F4CE10405EEF2224615900 /* Pods_Chat_shat.framework */ = {isa = PBXFileReference; explicitFileType = wrapper.framework; includeInIndex = 0; path = Pods_Chat_shat.framework; sourceTree = BUILT_PRODUCTS_DIR; };
		62B43F57092B03E2E9361F52 /* Pods-Chat shat.release.xcconfig */ = {isa = PBXFileReference; includeInIndex = 1; lastKnownFileType = text.xcconfig; name = "Pods-Chat shat.release.xcconfig"; path = "Target Support Files/Pods-Chat shat/Pods-Chat shat.release.xcconfig"; sourceTree = "<group>"; };
		821105C4282D368B00D93E13 /* FirebaseControl.swift */ = {isa = PBXFileReference; lastKnownFileType = sourcecode.swift; path = FirebaseControl.swift; sourceTree = "<group>"; };
		82918D7C283102A500B652C8 /* DatabaseManager.swift */ = {isa = PBXFileReference; lastKnownFileType = sourcecode.swift; path = DatabaseManager.swift; sourceTree = "<group>"; };
		82A3A44E282CE2CD004B6399 /* Chat shat.app */ = {isa = PBXFileReference; explicitFileType = wrapper.application; includeInIndex = 0; path = "Chat shat.app"; sourceTree = BUILT_PRODUCTS_DIR; };
		82A3A451282CE2CD004B6399 /* AppDelegate.swift */ = {isa = PBXFileReference; lastKnownFileType = sourcecode.swift; path = AppDelegate.swift; sourceTree = "<group>"; };
		82A3A453282CE2CD004B6399 /* SceneDelegate.swift */ = {isa = PBXFileReference; lastKnownFileType = sourcecode.swift; path = SceneDelegate.swift; sourceTree = "<group>"; };
		82A3A455282CE2CD004B6399 /* ConversationsViewController.swift */ = {isa = PBXFileReference; lastKnownFileType = sourcecode.swift; path = ConversationsViewController.swift; sourceTree = "<group>"; };
		82A3A458282CE2CD004B6399 /* Base */ = {isa = PBXFileReference; lastKnownFileType = file.storyboard; name = Base; path = Base.lproj/Main.storyboard; sourceTree = "<group>"; };
		82A3A45A282CE2CE004B6399 /* Assets.xcassets */ = {isa = PBXFileReference; lastKnownFileType = folder.assetcatalog; path = Assets.xcassets; sourceTree = "<group>"; };
		82A3A45D282CE2CE004B6399 /* Base */ = {isa = PBXFileReference; lastKnownFileType = file.storyboard; name = Base; path = Base.lproj/LaunchScreen.storyboard; sourceTree = "<group>"; };
		82A3A45F282CE2CE004B6399 /* Info.plist */ = {isa = PBXFileReference; lastKnownFileType = text.plist.xml; path = Info.plist; sourceTree = "<group>"; };
		82A3A46B282CE624004B6399 /* LoginViewController.swift */ = {isa = PBXFileReference; lastKnownFileType = sourcecode.swift; path = LoginViewController.swift; sourceTree = "<group>"; };
		82A3A46D282CE63F004B6399 /* RegisterViewController.swift */ = {isa = PBXFileReference; lastKnownFileType = sourcecode.swift; path = RegisterViewController.swift; sourceTree = "<group>"; };
		82A3A46F282CE66A004B6399 /* PhotoViewerViewController.swift */ = {isa = PBXFileReference; lastKnownFileType = sourcecode.swift; path = PhotoViewerViewController.swift; sourceTree = "<group>"; };
		82A3A471282CE684004B6399 /* VideoPlayerViewController.swift */ = {isa = PBXFileReference; lastKnownFileType = sourcecode.swift; path = VideoPlayerViewController.swift; sourceTree = "<group>"; };
		82A3A473282CE6A6004B6399 /* NewConversationViewController.swift */ = {isa = PBXFileReference; lastKnownFileType = sourcecode.swift; path = NewConversationViewController.swift; sourceTree = "<group>"; };
		82A3A475282CE6BC004B6399 /* ProfileViewController.swift */ = {isa = PBXFileReference; lastKnownFileType = sourcecode.swift; path = ProfileViewController.swift; sourceTree = "<group>"; };
		82A3A478282CF5D9004B6399 /* Extensions.swift */ = {isa = PBXFileReference; lastKnownFileType = sourcecode.swift; path = Extensions.swift; sourceTree = "<group>"; };
		82A3A47A282D1412004B6399 /* GoogleService-Info.plist */ = {isa = PBXFileReference; fileEncoding = 4; lastKnownFileType = text.plist.xml; path = "GoogleService-Info.plist"; sourceTree = "<group>"; };
/* End PBXFileReference section */

/* Begin PBXFrameworksBuildPhase section */
		82A3A44B282CE2CD004B6399 /* Frameworks */ = {
			isa = PBXFrameworksBuildPhase;
			buildActionMask = 2147483647;
			files = (
				D8523D8C1C3DD2714F64B708 /* Pods_Chat_shat.framework in Frameworks */,
			);
			runOnlyForDeploymentPostprocessing = 0;
		};
/* End PBXFrameworksBuildPhase section */

/* Begin PBXGroup section */
		3B10A9A85CB6EB202DF1CF25 /* Pods */ = {
			isa = PBXGroup;
			children = (
				013D7D9EF74BA52B82BE4EAD /* Pods-Chat shat.debug.xcconfig */,
				62B43F57092B03E2E9361F52 /* Pods-Chat shat.release.xcconfig */,
			);
			path = Pods;
			sourceTree = "<group>";
		};
		487EC3EEBCE28D8F60D56FFC /* Frameworks */ = {
			isa = PBXGroup;
			children = (
				60F4CE10405EEF2224615900 /* Pods_Chat_shat.framework */,
			);
			name = Frameworks;
			sourceTree = "<group>";
		};
		821105C3282D366F00D93E13 /* Firebase dependency */ = {
			isa = PBXGroup;
			children = (
				821105C4282D368B00D93E13 /* FirebaseControl.swift */,
			);
			path = "Firebase dependency";
			sourceTree = "<group>";
		};
		82A3A445282CE2CD004B6399 = {
			isa = PBXGroup;
			children = (
				82A3A450282CE2CD004B6399 /* Chat shat */,
				82A3A44F282CE2CD004B6399 /* Products */,
				3B10A9A85CB6EB202DF1CF25 /* Pods */,
				487EC3EEBCE28D8F60D56FFC /* Frameworks */,
			);
			sourceTree = "<group>";
		};
		82A3A44F282CE2CD004B6399 /* Products */ = {
			isa = PBXGroup;
			children = (
				82A3A44E282CE2CD004B6399 /* Chat shat.app */,
			);
			name = Products;
			sourceTree = "<group>";
		};
		82A3A450282CE2CD004B6399 /* Chat shat */ = {
			isa = PBXGroup;
			children = (
				821105C3282D366F00D93E13 /* Firebase dependency */,
				82A3A47A282D1412004B6399 /* GoogleService-Info.plist */,
				82A3A469282CE4E6004B6399 /* Resources */,
				82A3A468282CE4DE004B6399 /* ViewModels */,
				82A3A467282CE4DA004B6399 /* Models */,
				82A3A466282CE4D1004B6399 /* Views */,
				82A3A465282CE4C4004B6399 /* Controllers */,
				82A3A45F282CE2CE004B6399 /* Info.plist */,
			);
			path = "Chat shat";
			sourceTree = "<group>";
		};
		82A3A465282CE4C4004B6399 /* Controllers */ = {
			isa = PBXGroup;
			children = (
				82A3A455282CE2CD004B6399 /* ConversationsViewController.swift */,
				82A3A477282CE7C7004B6399 /* Login */,
				82A3A46F282CE66A004B6399 /* PhotoViewerViewController.swift */,
				82A3A471282CE684004B6399 /* VideoPlayerViewController.swift */,
				82A3A473282CE6A6004B6399 /* NewConversationViewController.swift */,
				82A3A475282CE6BC004B6399 /* ProfileViewController.swift */,
			);
			path = Controllers;
			sourceTree = "<group>";
		};
		82A3A466282CE4D1004B6399 /* Views */ = {
			isa = PBXGroup;
			children = (
				82A3A46A282CE51E004B6399 /* Storyboards */,
				82A3A45A282CE2CE004B6399 /* Assets.xcassets */,
			);
			path = Views;
			sourceTree = "<group>";
		};
		82A3A467282CE4DA004B6399 /* Models */ = {
			isa = PBXGroup;
			children = (
			);
			path = Models;
			sourceTree = "<group>";
		};
		82A3A468282CE4DE004B6399 /* ViewModels */ = {
			isa = PBXGroup;
			children = (
			);
			path = ViewModels;
			sourceTree = "<group>";
		};
		82A3A469282CE4E6004B6399 /* Resources */ = {
			isa = PBXGroup;
			children = (
				82A3A451282CE2CD004B6399 /* AppDelegate.swift */,
				82A3A453282CE2CD004B6399 /* SceneDelegate.swift */,
				82A3A478282CF5D9004B6399 /* Extensions.swift */,
				82918D7C283102A500B652C8 /* DatabaseManager.swift */,
			);
			path = Resources;
			sourceTree = "<group>";
		};
		82A3A46A282CE51E004B6399 /* Storyboards */ = {
			isa = PBXGroup;
			children = (
				82A3A457282CE2CD004B6399 /* Main.storyboard */,
				82A3A45C282CE2CE004B6399 /* LaunchScreen.storyboard */,
			);
			path = Storyboards;
			sourceTree = "<group>";
		};
		82A3A477282CE7C7004B6399 /* Login */ = {
			isa = PBXGroup;
			children = (
				82A3A46B282CE624004B6399 /* LoginViewController.swift */,
				82A3A46D282CE63F004B6399 /* RegisterViewController.swift */,
			);
			path = Login;
			sourceTree = "<group>";
		};
/* End PBXGroup section */

/* Begin PBXNativeTarget section */
		82A3A44D282CE2CD004B6399 /* Chat shat */ = {
			isa = PBXNativeTarget;
			buildConfigurationList = 82A3A462282CE2CE004B6399 /* Build configuration list for PBXNativeTarget "Chat shat" */;
			buildPhases = (
				DEC8B7AC9F98578E195BFA22 /* [CP] Check Pods Manifest.lock */,
				82A3A44A282CE2CD004B6399 /* Sources */,
				82A3A44B282CE2CD004B6399 /* Frameworks */,
				82A3A44C282CE2CD004B6399 /* Resources */,
				8D9F7288DA11BD8B49823C25 /* [CP] Embed Pods Frameworks */,
			);
			buildRules = (
			);
			dependencies = (
			);
			name = "Chat shat";
			packageProductDependencies = (
			);
			productName = "Chat shat";
			productReference = 82A3A44E282CE2CD004B6399 /* Chat shat.app */;
			productType = "com.apple.product-type.application";
		};
/* End PBXNativeTarget section */

/* Begin PBXProject section */
		82A3A446282CE2CD004B6399 /* Project object */ = {
			isa = PBXProject;
			attributes = {
				BuildIndependentTargetsInParallel = 1;
				LastSwiftUpdateCheck = 1330;
				LastUpgradeCheck = 1330;
				TargetAttributes = {
					82A3A44D282CE2CD004B6399 = {
						CreatedOnToolsVersion = 13.3;
					};
				};
			};
			buildConfigurationList = 82A3A449282CE2CD004B6399 /* Build configuration list for PBXProject "Chat shat" */;
			compatibilityVersion = "Xcode 13.0";
			developmentRegion = en;
			hasScannedForEncodings = 0;
			knownRegions = (
				en,
				Base,
			);
			mainGroup = 82A3A445282CE2CD004B6399;
			packageReferences = (
			);
			productRefGroup = 82A3A44F282CE2CD004B6399 /* Products */;
			projectDirPath = "";
			projectRoot = "";
			targets = (
				82A3A44D282CE2CD004B6399 /* Chat shat */,
			);
		};
/* End PBXProject section */

/* Begin PBXResourcesBuildPhase section */
		82A3A44C282CE2CD004B6399 /* Resources */ = {
			isa = PBXResourcesBuildPhase;
			buildActionMask = 2147483647;
			files = (
				82A3A45E282CE2CE004B6399 /* LaunchScreen.storyboard in Resources */,
				82A3A47B282D1412004B6399 /* GoogleService-Info.plist in Resources */,
				82A3A45B282CE2CE004B6399 /* Assets.xcassets in Resources */,
				82A3A459282CE2CD004B6399 /* Main.storyboard in Resources */,
			);
			runOnlyForDeploymentPostprocessing = 0;
		};
/* End PBXResourcesBuildPhase section */

/* Begin PBXShellScriptBuildPhase section */
		8D9F7288DA11BD8B49823C25 /* [CP] Embed Pods Frameworks */ = {
			isa = PBXShellScriptBuildPhase;
			buildActionMask = 2147483647;
			files = (
			);
			inputFileListPaths = (
				"${PODS_ROOT}/Target Support Files/Pods-Chat shat/Pods-Chat shat-frameworks-${CONFIGURATION}-input-files.xcfilelist",
			);
			name = "[CP] Embed Pods Frameworks";
			outputFileListPaths = (
				"${PODS_ROOT}/Target Support Files/Pods-Chat shat/Pods-Chat shat-frameworks-${CONFIGURATION}-output-files.xcfilelist",
			);
			runOnlyForDeploymentPostprocessing = 0;
			shellPath = /bin/sh;
			shellScript = "\"${PODS_ROOT}/Target Support Files/Pods-Chat shat/Pods-Chat shat-frameworks.sh\"\n";
			showEnvVarsInLog = 0;
		};
		DEC8B7AC9F98578E195BFA22 /* [CP] Check Pods Manifest.lock */ = {
			isa = PBXShellScriptBuildPhase;
			buildActionMask = 2147483647;
			files = (
			);
			inputFileListPaths = (
			);
			inputPaths = (
				"${PODS_PODFILE_DIR_PATH}/Podfile.lock",
				"${PODS_ROOT}/Manifest.lock",
			);
			name = "[CP] Check Pods Manifest.lock";
			outputFileListPaths = (
			);
			outputPaths = (
				"$(DERIVED_FILE_DIR)/Pods-Chat shat-checkManifestLockResult.txt",
			);
			runOnlyForDeploymentPostprocessing = 0;
			shellPath = /bin/sh;
			shellScript = "diff \"${PODS_PODFILE_DIR_PATH}/Podfile.lock\" \"${PODS_ROOT}/Manifest.lock\" > /dev/null\nif [ $? != 0 ] ; then\n    # print error to STDERR\n    echo \"error: The sandbox is not in sync with the Podfile.lock. Run 'pod install' or update your CocoaPods installation.\" >&2\n    exit 1\nfi\n# This output is used by Xcode 'outputs' to avoid re-running this script phase.\necho \"SUCCESS\" > \"${SCRIPT_OUTPUT_FILE_0}\"\n";
			showEnvVarsInLog = 0;
		};
/* End PBXShellScriptBuildPhase section */

/* Begin PBXSourcesBuildPhase section */
		82A3A44A282CE2CD004B6399 /* Sources */ = {
			isa = PBXSourcesBuildPhase;
			buildActionMask = 2147483647;
			files = (
				82A3A46C282CE624004B6399 /* LoginViewController.swift in Sources */,
				82A3A46E282CE63F004B6399 /* RegisterViewController.swift in Sources */,
				82A3A474282CE6A6004B6399 /* NewConversationViewController.swift in Sources */,
				82A3A456282CE2CD004B6399 /* ConversationsViewController.swift in Sources */,
				82A3A472282CE684004B6399 /* VideoPlayerViewController.swift in Sources */,
				82A3A479282CF5D9004B6399 /* Extensions.swift in Sources */,
				82A3A452282CE2CD004B6399 /* AppDelegate.swift in Sources */,
				82A3A476282CE6BC004B6399 /* ProfileViewController.swift in Sources */,
				82918D7D283102A500B652C8 /* DatabaseManager.swift in Sources */,
				821105C5282D368B00D93E13 /* FirebaseControl.swift in Sources */,
				82A3A454282CE2CD004B6399 /* SceneDelegate.swift in Sources */,
				82A3A470282CE66A004B6399 /* PhotoViewerViewController.swift in Sources */,
			);
			runOnlyForDeploymentPostprocessing = 0;
		};
/* End PBXSourcesBuildPhase section */

/* Begin PBXVariantGroup section */
		82A3A457282CE2CD004B6399 /* Main.storyboard */ = {
			isa = PBXVariantGroup;
			children = (
				82A3A458282CE2CD004B6399 /* Base */,
			);
			name = Main.storyboard;
			sourceTree = "<group>";
		};
		82A3A45C282CE2CE004B6399 /* LaunchScreen.storyboard */ = {
			isa = PBXVariantGroup;
			children = (
				82A3A45D282CE2CE004B6399 /* Base */,
			);
			name = LaunchScreen.storyboard;
			sourceTree = "<group>";
		};
/* End PBXVariantGroup section */

/* Begin XCBuildConfiguration section */
		82A3A460282CE2CE004B6399 /* Debug */ = {
			isa = XCBuildConfiguration;
			buildSettings = {
				ALWAYS_SEARCH_USER_PATHS = NO;
				CLANG_ANALYZER_NONNULL = YES;
				CLANG_ANALYZER_NUMBER_OBJECT_CONVERSION = YES_AGGRESSIVE;
				CLANG_CXX_LANGUAGE_STANDARD = "gnu++17";
				CLANG_ENABLE_MODULES = YES;
				CLANG_ENABLE_OBJC_ARC = YES;
				CLANG_ENABLE_OBJC_WEAK = YES;
				CLANG_WARN_BLOCK_CAPTURE_AUTORELEASING = YES;
				CLANG_WARN_BOOL_CONVERSION = YES;
				CLANG_WARN_COMMA = YES;
				CLANG_WARN_CONSTANT_CONVERSION = YES;
				CLANG_WARN_DEPRECATED_OBJC_IMPLEMENTATIONS = YES;
				CLANG_WARN_DIRECT_OBJC_ISA_USAGE = YES_ERROR;
				CLANG_WARN_DOCUMENTATION_COMMENTS = YES;
				CLANG_WARN_EMPTY_BODY = YES;
				CLANG_WARN_ENUM_CONVERSION = YES;
				CLANG_WARN_INFINITE_RECURSION = YES;
				CLANG_WARN_INT_CONVERSION = YES;
				CLANG_WARN_NON_LITERAL_NULL_CONVERSION = YES;
				CLANG_WARN_OBJC_IMPLICIT_RETAIN_SELF = YES;
				CLANG_WARN_OBJC_LITERAL_CONVERSION = YES;
				CLANG_WARN_OBJC_ROOT_CLASS = YES_ERROR;
				CLANG_WARN_QUOTED_INCLUDE_IN_FRAMEWORK_HEADER = YES;
				CLANG_WARN_RANGE_LOOP_ANALYSIS = YES;
				CLANG_WARN_STRICT_PROTOTYPES = YES;
				CLANG_WARN_SUSPICIOUS_MOVE = YES;
				CLANG_WARN_UNGUARDED_AVAILABILITY = YES_AGGRESSIVE;
				CLANG_WARN_UNREACHABLE_CODE = YES;
				CLANG_WARN__DUPLICATE_METHOD_MATCH = YES;
				COPY_PHASE_STRIP = NO;
				DEBUG_INFORMATION_FORMAT = dwarf;
				ENABLE_STRICT_OBJC_MSGSEND = YES;
				ENABLE_TESTABILITY = YES;
				GCC_C_LANGUAGE_STANDARD = gnu11;
				GCC_DYNAMIC_NO_PIC = NO;
				GCC_NO_COMMON_BLOCKS = YES;
				GCC_OPTIMIZATION_LEVEL = 0;
				GCC_PREPROCESSOR_DEFINITIONS = (
					"DEBUG=1",
					"$(inherited)",
				);
				GCC_WARN_64_TO_32_BIT_CONVERSION = YES;
				GCC_WARN_ABOUT_RETURN_TYPE = YES_ERROR;
				GCC_WARN_UNDECLARED_SELECTOR = YES;
				GCC_WARN_UNINITIALIZED_AUTOS = YES_AGGRESSIVE;
				GCC_WARN_UNUSED_FUNCTION = YES;
				GCC_WARN_UNUSED_VARIABLE = YES;
				IPHONEOS_DEPLOYMENT_TARGET = 15.4;
				MTL_ENABLE_DEBUG_INFO = INCLUDE_SOURCE;
				MTL_FAST_MATH = YES;
				ONLY_ACTIVE_ARCH = YES;
				SDKROOT = iphoneos;
				SWIFT_ACTIVE_COMPILATION_CONDITIONS = DEBUG;
				SWIFT_OPTIMIZATION_LEVEL = "-Onone";
			};
			name = Debug;
		};
		82A3A461282CE2CE004B6399 /* Release */ = {
			isa = XCBuildConfiguration;
			buildSettings = {
				ALWAYS_SEARCH_USER_PATHS = NO;
				CLANG_ANALYZER_NONNULL = YES;
				CLANG_ANALYZER_NUMBER_OBJECT_CONVERSION = YES_AGGRESSIVE;
				CLANG_CXX_LANGUAGE_STANDARD = "gnu++17";
				CLANG_ENABLE_MODULES = YES;
				CLANG_ENABLE_OBJC_ARC = YES;
				CLANG_ENABLE_OBJC_WEAK = YES;
				CLANG_WARN_BLOCK_CAPTURE_AUTORELEASING = YES;
				CLANG_WARN_BOOL_CONVERSION = YES;
				CLANG_WARN_COMMA = YES;
				CLANG_WARN_CONSTANT_CONVERSION = YES;
				CLANG_WARN_DEPRECATED_OBJC_IMPLEMENTATIONS = YES;
				CLANG_WARN_DIRECT_OBJC_ISA_USAGE = YES_ERROR;
				CLANG_WARN_DOCUMENTATION_COMMENTS = YES;
				CLANG_WARN_EMPTY_BODY = YES;
				CLANG_WARN_ENUM_CONVERSION = YES;
				CLANG_WARN_INFINITE_RECURSION = YES;
				CLANG_WARN_INT_CONVERSION = YES;
				CLANG_WARN_NON_LITERAL_NULL_CONVERSION = YES;
				CLANG_WARN_OBJC_IMPLICIT_RETAIN_SELF = YES;
				CLANG_WARN_OBJC_LITERAL_CONVERSION = YES;
				CLANG_WARN_OBJC_ROOT_CLASS = YES_ERROR;
				CLANG_WARN_QUOTED_INCLUDE_IN_FRAMEWORK_HEADER = YES;
				CLANG_WARN_RANGE_LOOP_ANALYSIS = YES;
				CLANG_WARN_STRICT_PROTOTYPES = YES;
				CLANG_WARN_SUSPICIOUS_MOVE = YES;
				CLANG_WARN_UNGUARDED_AVAILABILITY = YES_AGGRESSIVE;
				CLANG_WARN_UNREACHABLE_CODE = YES;
				CLANG_WARN__DUPLICATE_METHOD_MATCH = YES;
				COPY_PHASE_STRIP = NO;
				DEBUG_INFORMATION_FORMAT = "dwarf-with-dsym";
				ENABLE_NS_ASSERTIONS = NO;
				ENABLE_STRICT_OBJC_MSGSEND = YES;
				GCC_C_LANGUAGE_STANDARD = gnu11;
				GCC_NO_COMMON_BLOCKS = YES;
				GCC_WARN_64_TO_32_BIT_CONVERSION = YES;
				GCC_WARN_ABOUT_RETURN_TYPE = YES_ERROR;
				GCC_WARN_UNDECLARED_SELECTOR = YES;
				GCC_WARN_UNINITIALIZED_AUTOS = YES_AGGRESSIVE;
				GCC_WARN_UNUSED_FUNCTION = YES;
				GCC_WARN_UNUSED_VARIABLE = YES;
				IPHONEOS_DEPLOYMENT_TARGET = 15.4;
				MTL_ENABLE_DEBUG_INFO = NO;
				MTL_FAST_MATH = YES;
				SDKROOT = iphoneos;
				SWIFT_COMPILATION_MODE = wholemodule;
				SWIFT_OPTIMIZATION_LEVEL = "-O";
				VALIDATE_PRODUCT = YES;
			};
			name = Release;
		};
		82A3A463282CE2CE004B6399 /* Debug */ = {
			isa = XCBuildConfiguration;
			baseConfigurationReference = 013D7D9EF74BA52B82BE4EAD /* Pods-Chat shat.debug.xcconfig */;
			buildSettings = {
				ASSETCATALOG_COMPILER_APPICON_NAME = AppIcon;
				ASSETCATALOG_COMPILER_GLOBAL_ACCENT_COLOR_NAME = AccentColor;
				CODE_SIGN_STYLE = Automatic;
				CURRENT_PROJECT_VERSION = 1;
				DEVELOPMENT_TEAM = XPJ5XGY7FR;
				GENERATE_INFOPLIST_FILE = YES;
				INFOPLIST_FILE = "Chat shat/Info.plist";
				INFOPLIST_KEY_UIApplicationSupportsIndirectInputEvents = YES;
				INFOPLIST_KEY_UILaunchStoryboardName = LaunchScreen;
				INFOPLIST_KEY_UIMainStoryboardFile = Main;
				INFOPLIST_KEY_UISupportedInterfaceOrientations = UIInterfaceOrientationPortrait;
				INFOPLIST_KEY_UISupportedInterfaceOrientations_iPad = "UIInterfaceOrientationPortrait UIInterfaceOrientationPortraitUpsideDown UIInterfaceOrientationLandscapeLeft UIInterfaceOrientationLandscapeRight";
				INFOPLIST_KEY_UISupportedInterfaceOrientations_iPhone = "UIInterfaceOrientationPortrait UIInterfaceOrientationLandscapeLeft UIInterfaceOrientationLandscapeRight";
				LD_RUNPATH_SEARCH_PATHS = (
					"$(inherited)",
					"@executable_path/Frameworks",
				);
				MARKETING_VERSION = 1.0;
				PRODUCT_BUNDLE_IDENTIFIER = "piyush.Chat-shat";
				PRODUCT_NAME = "$(TARGET_NAME)";
				SWIFT_EMIT_LOC_STRINGS = YES;
				SWIFT_VERSION = 5.0;
				TARGETED_DEVICE_FAMILY = "1,2";
			};
			name = Debug;
		};
		82A3A464282CE2CE004B6399 /* Release */ = {
			isa = XCBuildConfiguration;
			baseConfigurationReference = 62B43F57092B03E2E9361F52 /* Pods-Chat shat.release.xcconfig */;
			buildSettings = {
				ASSETCATALOG_COMPILER_APPICON_NAME = AppIcon;
				ASSETCATALOG_COMPILER_GLOBAL_ACCENT_COLOR_NAME = AccentColor;
				CODE_SIGN_STYLE = Automatic;
				CURRENT_PROJECT_VERSION = 1;
				DEVELOPMENT_TEAM = XPJ5XGY7FR;
				GENERATE_INFOPLIST_FILE = YES;
				INFOPLIST_FILE = "Chat shat/Info.plist";
				INFOPLIST_KEY_UIApplicationSupportsIndirectInputEvents = YES;
				INFOPLIST_KEY_UILaunchStoryboardName = LaunchScreen;
				INFOPLIST_KEY_UIMainStoryboardFile = Main;
				INFOPLIST_KEY_UISupportedInterfaceOrientations = UIInterfaceOrientationPortrait;
				INFOPLIST_KEY_UISupportedInterfaceOrientations_iPad = "UIInterfaceOrientationPortrait UIInterfaceOrientationPortraitUpsideDown UIInterfaceOrientationLandscapeLeft UIInterfaceOrientationLandscapeRight";
				INFOPLIST_KEY_UISupportedInterfaceOrientations_iPhone = "UIInterfaceOrientationPortrait UIInterfaceOrientationLandscapeLeft UIInterfaceOrientationLandscapeRight";
				LD_RUNPATH_SEARCH_PATHS = (
					"$(inherited)",
					"@executable_path/Frameworks",
				);
				MARKETING_VERSION = 1.0;
				PRODUCT_BUNDLE_IDENTIFIER = "piyush.Chat-shat";
				PRODUCT_NAME = "$(TARGET_NAME)";
				SWIFT_EMIT_LOC_STRINGS = YES;
				SWIFT_VERSION = 5.0;
				TARGETED_DEVICE_FAMILY = "1,2";
			};
			name = Release;
		};
/* End XCBuildConfiguration section */

/* Begin XCConfigurationList section */
		82A3A449282CE2CD004B6399 /* Build configuration list for PBXProject "Chat shat" */ = {
			isa = XCConfigurationList;
			buildConfigurations = (
				82A3A460282CE2CE004B6399 /* Debug */,
				82A3A461282CE2CE004B6399 /* Release */,
			);
			defaultConfigurationIsVisible = 0;
			defaultConfigurationName = Release;
		};
		82A3A462282CE2CE004B6399 /* Build configuration list for PBXNativeTarget "Chat shat" */ = {
			isa = XCConfigurationList;
			buildConfigurations = (
				82A3A463282CE2CE004B6399 /* Debug */,
				82A3A464282CE2CE004B6399 /* Release */,
			);
			defaultConfigurationIsVisible = 0;
			defaultConfigurationName = Release;
		};
/* End XCConfigurationList section */
	};
	rootObject = 82A3A446282CE2CD004B6399 /* Project object */;
}
